
Microsoft Visual Studio Solution File, Format Version 12.00
# Visual Studio Version 17
VisualStudioVersion = 17.0.31903.59
MinimumVisualStudioVersion = 10.0.40219.1
Project("{FAE04EC0-301F-11D3-BF4B-00C04F79EFBC}") = "Classe-E-Objetos", "Classe-E-Objetos\Classe-E-Objetos.csproj", "{4114EA54-1783-4DE0-8571-034382ACE25E}"
EndProject
Project("{FAE04EC0-301F-11D3-BF4B-00C04F79EFBC}") = "Classe-E-Objetos-2", "Classe-E-Objetos-2\Classe-E-Objetos-2.csproj", "{33AED6B8-FDEE-4AAC-AFA6-509D5296E4B6}"
EndProject
Project("{FAE04EC0-301F-11D3-BF4B-00C04F79EFBC}") = "Metados-Com-Parametros", "Metados-Com-Parametros\Metados-Com-Parametros.csproj", "{C5084492-C399-4073-89FB-88B28D3DF300}"
EndProject
Project("{FAE04EC0-301F-11D3-BF4B-00C04F79EFBC}") = "Passando-Parametros-Entre-Classes", "Passando-Parametros-Entre-Classes\Passando-Parametros-Entre-Classes.csproj", "{50915439-4260-4124-A8FF-32CCC653EDF6}"
EndProject
Global
	GlobalSection(SolutionConfigurationPlatforms) = preSolution
		Debug|Any CPU = Debug|Any CPU
		Release|Any CPU = Release|Any CPU
	EndGlobalSection
	GlobalSection(SolutionProperties) = preSolution
		HideSolutionNode = FALSE
	EndGlobalSection
	GlobalSection(ProjectConfigurationPlatforms) = postSolution
		{4114EA54-1783-4DE0-8571-034382ACE25E}.Debug|Any CPU.ActiveCfg = Debug|Any CPU
		{4114EA54-1783-4DE0-8571-034382ACE25E}.Debug|Any CPU.Build.0 = Debug|Any CPU
		{4114EA54-1783-4DE0-8571-034382ACE25E}.Release|Any CPU.ActiveCfg = Release|Any CPU
		{4114EA54-1783-4DE0-8571-034382ACE25E}.Release|Any CPU.Build.0 = Release|Any CPU
		{33AED6B8-FDEE-4AAC-AFA6-509D5296E4B6}.Debug|Any CPU.ActiveCfg = Debug|Any CPU
		{33AED6B8-FDEE-4AAC-AFA6-509D5296E4B6}.Debug|Any CPU.Build.0 = Debug|Any CPU
		{33AED6B8-FDEE-4AAC-AFA6-509D5296E4B6}.Release|Any CPU.ActiveCfg = Release|Any CPU
		{33AED6B8-FDEE-4AAC-AFA6-509D5296E4B6}.Release|Any CPU.Build.0 = Release|Any CPU
		{C5084492-C399-4073-89FB-88B28D3DF300}.Debug|Any CPU.ActiveCfg = Debug|Any CPU
		{C5084492-C399-4073-89FB-88B28D3DF300}.Debug|Any CPU.Build.0 = Debug|Any CPU
		{C5084492-C399-4073-89FB-88B28D3DF300}.Release|Any CPU.ActiveCfg = Release|Any CPU
		{C5084492-C399-4073-89FB-88B28D3DF300}.Release|Any CPU.Build.0 = Release|Any CPU
		{50915439-4260-4124-A8FF-32CCC653EDF6}.Debug|Any CPU.ActiveCfg = Debug|Any CPU
		{50915439-4260-4124-A8FF-32CCC653EDF6}.Debug|Any CPU.Build.0 = Debug|Any CPU
		{50915439-4260-4124-A8FF-32CCC653EDF6}.Release|Any CPU.ActiveCfg = Release|Any CPU
		{50915439-4260-4124-A8FF-32CCC653EDF6}.Release|Any CPU.Build.0 = Release|Any CPU
	EndGlobalSection
EndGlobal
